
Microsoft Visual Studio Solution File, Format Version 12.00
# Visual Studio Version 17
VisualStudioVersion = 17.14.36705.20
MinimumVisualStudioVersion = 10.0.40219.1
Project("{FAE04EC0-301F-11D3-BF4B-00C04F79EFBC}") = "RoadStatus.Cli", "src\RoadStatus.Cli\RoadStatus.Cli.csproj", "{69C71F49-96D1-935D-3590-951043857AB4}"
EndProject
Project("{FAE04EC0-301F-11D3-BF4B-00C04F79EFBC}") = "RoadStatus.Core", "src\RoadStatus.Core\RoadStatus.Core.csproj", "{A1B2C3D4-E5F6-7890-ABCD-EF1234567890}"
EndProject
Project("{FAE04EC0-301F-11D3-BF4B-00C04F79EFBC}") = "RoadStatus.Core.Tests", "tests\RoadStatus.Core.Tests\RoadStatus.Core.Tests.csproj", "{B2C3D4E5-F6A7-8901-BCDE-F12345678901}"
EndProject
Project("{FAE04EC0-301F-11D3-BF4B-00C04F79EFBC}") = "RoadStatus.Cli.Tests", "tests\RoadStatus.Cli.Tests\RoadStatus.Cli.Tests.csproj", "{C3D4E5F6-A7B8-9012-CDEF-123456789012}"
EndProject
Project("{FAE04EC0-301F-11D3-BF4B-00C04F79EFBC}") = "RoadStatus.Integration.Tests", "tests\RoadStatus.Integration.Tests\RoadStatus.Integration.Tests.csproj", "{D4E5F6A7-B8C9-0123-DEF0-123456789012}"
EndProject
Project("{2150E333-8FDC-42A3-9474-1A3956D46DE8}") = "src", "src", "{02EA681E-C7D8-13C7-8484-4AC65E1B71E8}"
EndProject
Project("{2150E333-8FDC-42A3-9474-1A3956D46DE8}") = "tests", "tests", "{153BF614-421A-4109-A5A8-8A731346B40F}"
EndProject
Global
	GlobalSection(SolutionConfigurationPlatforms) = preSolution
		Debug|Any CPU = Debug|Any CPU
		Release|Any CPU = Release|Any CPU
	EndGlobalSection
	GlobalSection(ProjectConfigurationPlatforms) = postSolution
		{69C71F49-96D1-935D-3590-951043857AB4}.Debug|Any CPU.ActiveCfg = Debug|Any CPU
		{69C71F49-96D1-935D-3590-951043857AB4}.Debug|Any CPU.Build.0 = Debug|Any CPU
		{69C71F49-96D1-935D-3590-951043857AB4}.Release|Any CPU.ActiveCfg = Release|Any CPU
		{69C71F49-96D1-935D-3590-951043857AB4}.Release|Any CPU.Build.0 = Release|Any CPU
		{A1B2C3D4-E5F6-7890-ABCD-EF1234567890}.Debug|Any CPU.ActiveCfg = Debug|Any CPU
		{A1B2C3D4-E5F6-7890-ABCD-EF1234567890}.Debug|Any CPU.Build.0 = Debug|Any CPU
		{A1B2C3D4-E5F6-7890-ABCD-EF1234567890}.Release|Any CPU.ActiveCfg = Release|Any CPU
		{A1B2C3D4-E5F6-7890-ABCD-EF1234567890}.Release|Any CPU.Build.0 = Release|Any CPU
		{B2C3D4E5-F6A7-8901-BCDE-F12345678901}.Debug|Any CPU.ActiveCfg = Debug|Any CPU
		{B2C3D4E5-F6A7-8901-BCDE-F12345678901}.Debug|Any CPU.Build.0 = Debug|Any CPU
		{B2C3D4E5-F6A7-8901-BCDE-F12345678901}.Release|Any CPU.ActiveCfg = Release|Any CPU
		{B2C3D4E5-F6A7-8901-BCDE-F12345678901}.Release|Any CPU.Build.0 = Release|Any CPU
		{C3D4E5F6-A7B8-9012-CDEF-123456789012}.Debug|Any CPU.ActiveCfg = Debug|Any CPU
		{C3D4E5F6-A7B8-9012-CDEF-123456789012}.Debug|Any CPU.Build.0 = Debug|Any CPU
		{C3D4E5F6-A7B8-9012-CDEF-123456789012}.Release|Any CPU.ActiveCfg = Release|Any CPU
		{C3D4E5F6-A7B8-9012-CDEF-123456789012}.Release|Any CPU.Build.0 = Release|Any CPU
		{D4E5F6A7-B8C9-0123-DEF0-123456789012}.Debug|Any CPU.ActiveCfg = Debug|Any CPU
		{D4E5F6A7-B8C9-0123-DEF0-123456789012}.Debug|Any CPU.Build.0 = Debug|Any CPU
		{D4E5F6A7-B8C9-0123-DEF0-123456789012}.Release|Any CPU.ActiveCfg = Release|Any CPU
		{D4E5F6A7-B8C9-0123-DEF0-123456789012}.Release|Any CPU.Build.0 = Release|Any CPU
	EndGlobalSection
	GlobalSection(SolutionProperties) = preSolution
		HideSolutionNode = FALSE
	EndGlobalSection
	GlobalSection(NestedProjects) = preSolution
		{69C71F49-96D1-935D-3590-951043857AB4} = {02EA681E-C7D8-13C7-8484-4AC65E1B71E8}
		{A1B2C3D4-E5F6-7890-ABCD-EF1234567890} = {02EA681E-C7D8-13C7-8484-4AC65E1B71E8}
		{B2C3D4E5-F6A7-8901-BCDE-F12345678901} = {153BF614-421A-4109-A5A8-8A731346B40F}
		{C3D4E5F6-A7B8-9012-CDEF-123456789012} = {153BF614-421A-4109-A5A8-8A731346B40F}
		{D4E5F6A7-B8C9-0123-DEF0-123456789012} = {153BF614-421A-4109-A5A8-8A731346B40F}
	EndGlobalSection
	GlobalSection(ExtensibilityGlobals) = postSolution
		SolutionGuid = {63AE2577-939F-46F4-8E2F-1E881069102C}
	EndGlobalSection
EndGlobal
